Microsoft Visual Studio Solution File, Format Version 12.00
# Visual Studio Version 17
VisualStudioVersion = 17.5.2.0
MinimumVisualStudioVersion = 10.0.40219.1
Project("{FAE04EC0-301F-11D3-BF4B-00C04F79EFBC}") = "AsyncWorker", "AsyncWorker.csproj", "{359F9B51-0887-E61E-139C-2B33F642083E}"
EndProject
Global
	GlobalSection(SolutionConfigurationPlatforms) = preSolution
		Debug|Any CPU = Debug|Any CPU
		Release|Any CPU = Release|Any CPU
	EndGlobalSection
	GlobalSection(ProjectConfigurationPlatforms) = postSolution
		{359F9B51-0887-E61E-139C-2B33F642083E}.Debug|Any CPU.ActiveCfg = Debug|Any CPU
		{359F9B51-0887-E61E-139C-2B33F642083E}.Debug|Any CPU.Build.0 = Debug|Any CPU
		{359F9B51-0887-E61E-139C-2B33F642083E}.Release|Any CPU.ActiveCfg = Release|Any CPU
		{359F9B51-0887-E61E-139C-2B33F642083E}.Release|Any CPU.Build.0 = Release|Any CPU
	EndGlobalSection
	GlobalSection(SolutionProperties) = preSolution
		HideSolutionNode = FALSE
	EndGlobalSection
	GlobalSection(ExtensibilityGlobals) = postSolution
		SolutionGuid = {AB46FDE8-8C9A-4806-BCAE-7DE2A14227EB}
	EndGlobalSection
EndGlobal
